Microsoft Visual Studio Solution File, Format Version 12.00
# Visual Studio Version 17
VisualStudioVersion = 17.5.2.0
MinimumVisualStudioVersion = 10.0.40219.1
Project("{FAE04EC0-301F-11D3-BF4B-00C04F79EFBC}") = "VisualDevProSchool", "VisualDevProSchool\VisualDevProSchool.csproj", "{916C4E1E-4C25-2FEF-6221-F3AB90F68FEF}"
EndProject
Global
	GlobalSection(SolutionConfigurationPlatforms) = preSolution
		Debug|Any CPU = Debug|Any CPU
		Release|Any CPU = Release|Any CPU
	EndGlobalSection
	GlobalSection(ProjectConfigurationPlatforms) = postSolution
		{916C4E1E-4C25-2FEF-6221-F3AB90F68FEF}.Debug|Any CPU.ActiveCfg = Debug|Any CPU
		{916C4E1E-4C25-2FEF-6221-F3AB90F68FEF}.Debug|Any CPU.Build.0 = Debug|Any CPU
		{916C4E1E-4C25-2FEF-6221-F3AB90F68FEF}.Release|Any CPU.ActiveCfg = Release|Any CPU
		{916C4E1E-4C25-2FEF-6221-F3AB90F68FEF}.Release|Any CPU.Build.0 = Release|Any CPU
	EndGlobalSection
	GlobalSection(SolutionProperties) = preSolution
		HideSolutionNode = FALSE
	EndGlobalSection
	GlobalSection(ExtensibilityGlobals) = postSolution
		SolutionGuid = {DC597F65-24C0-4372-9F1D-5080D4D702A3}
	EndGlobalSection
EndGlobal
